lockfileVersion: '6.0'

settings:
  autoInstallPeers: true
  excludeLinksFromLockfile: false

dependencies:
  '@connectrpc/connect-node':
    specifier: ^1.1.3
    version: 1.1.3(@bufbuild/protobuf@1.4.2)(@connectrpc/connect@1.1.3)
  '@effect/cli':
    specifier: 0.0.0-snapshot-3fd5804
    version: 0.0.0-snapshot-3fd5804(@effect/platform@0.30.6)(@effect/printer-ansi@0.23.1)(@effect/printer@0.23.1)(@effect/schema@0.48.4)(effect@2.0.0-next.55)
  '@effect/platform-node':
    specifier: ^0.31.9
    version: 0.31.9(@effect/schema@0.48.4)(effect@2.0.0-next.55)
  '@effect/schema':
    specifier: ^0.48.4
    version: 0.48.4(effect@2.0.0-next.55)(fast-check@3.14.0)
  '@substreams/core':
    specifier: ^0.6.2
    version: 0.6.2(@bufbuild/protobuf@1.4.2)(@connectrpc/connect@1.1.3)
  '@substreams/manifest':
    specifier: ^0.5.1
    version: 0.5.1(@bufbuild/buf@1.28.1)(@bufbuild/protobuf@1.4.2)(@connectrpc/connect@1.1.3)(@effect/schema@0.48.4)(effect@2.0.0-next.55)(yaml@2.3.4)
  '@substreams/node':
    specifier: ^0.3.0
    version: 0.3.0
  '@substreams/sink':
    specifier: ^0.6.0
    version: 0.6.0(@bufbuild/protobuf@1.4.2)(@connectrpc/connect@1.1.3)(effect@2.0.0-next.55)
  commander:
    specifier: latest
    version: 11.1.0
  dotenv:
    specifier: latest
    version: 16.3.1
  effect:
    specifier: 2.0.0-next.55
    version: 2.0.0-next.55
  fetch-retry:
    specifier: ^5.0.6
    version: 5.0.6
  node-fetch:
    specifier: ^3.3.2
    version: 3.3.2
  pg:
    specifier: ^8.7.3
    version: 8.11.3
  pg-cursor:
    specifier: ^2.10.3
    version: 2.10.3(pg@8.11.3)
  prom-client:
    specifier: latest
    version: 15.0.0
  tslog:
    specifier: latest
    version: 4.9.2
  zapatos:
    specifier: ^6.2.0
    version: 6.2.0(@types/pg@8.10.9)(pg@8.11.3)(typescript@5.2.2)
  zod:
    specifier: ^3.22.4
    version: 3.22.4

devDependencies:
  '@tsconfig/recommended':
    specifier: latest
    version: 1.0.3
  '@types/node':
    specifier: latest
    version: 20.9.2
  dotenv-cli:
    specifier: ^7.3.0
    version: 7.3.0
  esbuild:
    specifier: ^0.19.5
    version: 0.19.6
  typescript:
    specifier: latest
    version: 5.2.2

packages:

  /@bufbuild/buf-darwin-arm64@1.28.1:
    resolution: {integrity: sha512-nAyvwKkcd8qQTExCZo5MtSRhXLK7e3vzKFKHjXfkveRakSUST2HFlFZAHfErZimN4wBrPTN0V0hNRU8PPjkMpQ==}
    engines: {node: '>=12'}
    cpu: [arm64]
    os: [darwin]
    requiresBuild: true
    dev: false
    optional: true

  /@bufbuild/buf-darwin-x64@1.28.1:
    resolution: {integrity: sha512-b0eT3xd3vX5a5lWAbo5h7FPuf9MsOJI4I39qs4TZnrlZ8BOuPfqzwzijiFf9UCwaX2vR1NQXexIoQ80Ci+fCHw==}
    engines: {node: '>=12'}
    cpu: [x64]
    os: [darwin]
    requiresBuild: true
    dev: false
    optional: true

  /@bufbuild/buf-linux-aarch64@1.28.1:
    resolution: {integrity: sha512-p5h9bZCVLMh8No9/7k7ulXzsFx5P7Lu6DiUMjSJ6aBXPMYo6Xl7r/6L2cQkpsZ53HMtIxCgMYS9a7zoS4K8wIw==}
    engines: {node: '>=12'}
    cpu: [arm64]
    os: [linux]
    requiresBuild: true
    dev: false
    optional: true

  /@bufbuild/buf-linux-x64@1.28.1:
    resolution: {integrity: sha512-fVJ3DiRigIso06jgEl+JNp59Y5t2pxDHd10d3SA4r+14sXbZ2J7Gy/wBqVXPry4x/jW567KKlvmhg7M5ZBgCQQ==}
    engines: {node: '>=12'}
    cpu: [x64]
    os: [linux]
    requiresBuild: true
    dev: false
    optional: true

  /@bufbuild/buf-win32-arm64@1.28.1:
    resolution: {integrity: sha512-KJiRJpugQRK/jXC46Xjlb68UydWhCZj2jHdWLIwNtgXd1WTJ3LngChZV7Y6pPK08pwBAVz0JYeVbD5IlTCD4TQ==}
    engines: {node: '>=12'}
    cpu: [arm64]
    os: [win32]
    requiresBuild: true
    dev: false
    optional: true

  /@bufbuild/buf-win32-x64@1.28.1:
    resolution: {integrity: sha512-vMnc+7OVCkmlRWQsgYHgUqiBPRIjD8XeoRyApJ07YZzGs7DkRH4LhvmacJbLd3wORylbn6gLz3pQa8J/M61mzg==}
    engines: {node: '>=12'}
    cpu: [x64]
    os: [win32]
    requiresBuild: true
    dev: false
    optional: true

  /@bufbuild/buf@1.28.1:
    resolution: {integrity: sha512-WRDagrf0uBjfV9s5eyrSPJDcdI4A5Q7JMCA4aMrHRR8fo/TTjniDBjJprszhaguqsDkn/LS4QIu92HVFZCrl9A==}
    engines: {node: '>=12'}
    hasBin: true
    requiresBuild: true
    optionalDependencies:
      '@bufbuild/buf-darwin-arm64': 1.28.1
      '@bufbuild/buf-darwin-x64': 1.28.1
      '@bufbuild/buf-linux-aarch64': 1.28.1
      '@bufbuild/buf-linux-x64': 1.28.1
      '@bufbuild/buf-win32-arm64': 1.28.1
      '@bufbuild/buf-win32-x64': 1.28.1
    dev: false

  /@bufbuild/connect-node@0.13.0(@bufbuild/protobuf@1.4.2):
    resolution: {integrity: sha512-l9tYVWTD9qdVr3PD8iTLmJZoWQY4bYl4UXIyKqvNuqoaAm3pZZvrQXrz0ptS5NRWTVUKPV9DZp6Wbbch5/u55Q==}
    engines: {node: '>=16.0.0'}
    deprecated: Connect has moved to its own org @connectrpc and has a stable v1. Run `npx @connectrpc/connect-migrate@latest` to update. See https://github.com/connectrpc/connect-es/releases/tag/v0.13.1 for details.
    peerDependencies:
      '@bufbuild/protobuf': ^1.2.1
    dependencies:
      '@bufbuild/connect': 0.13.0(@bufbuild/protobuf@1.4.2)
      '@bufbuild/protobuf': 1.4.2
      headers-polyfill: 3.3.0
    dev: false

  /@bufbuild/connect@0.12.0(@bufbuild/protobuf@1.4.2):
    resolution: {integrity: sha512-rYn3Akp7teOkvqxguLbf6QKizH37Yeo33lseV+JHDZC19CsAV9wrrZM17Sa+LNEBj/hrYtQF7EIcllgGxhv9aw==}
    deprecated: Connect has moved to its own org @connectrpc and has a stable v1. Run `npx @connectrpc/connect-migrate@latest` to update. See https://github.com/connectrpc/connect-es/releases/tag/v0.13.1 for details.
    peerDependencies:
      '@bufbuild/protobuf': ^1.2.1
    dependencies:
      '@bufbuild/protobuf': 1.4.2
    dev: false

  /@bufbuild/connect@0.13.0(@bufbuild/protobuf@1.4.2):
    resolution: {integrity: sha512-eZSMbVLyUFtXiZNORgCEvv580xKZeYQdMOWj2i/nxOcpXQcrEzTMTA7SZzWv4k4gveWCOSRoWmYDeOhfWXJv0g==}
    deprecated: Connect has moved to its own org @connectrpc and has a stable v1. Run `npx @connectrpc/connect-migrate@latest` to update. See https://github.com/connectrpc/connect-es/releases/tag/v0.13.1 for details.
    peerDependencies:
      '@bufbuild/protobuf': ^1.2.1
    dependencies:
      '@bufbuild/protobuf': 1.4.2
    dev: false

  /@bufbuild/protobuf@1.4.2:
    resolution: {integrity: sha512-JyEH8Z+OD5Sc2opSg86qMHn1EM1Sa+zj/Tc0ovxdwk56ByVNONJSabuCUbLQp+eKN3rWNfrho0X+3SEqEPXIow==}
    dev: false

  /@connectrpc/connect-node@1.1.3(@bufbuild/protobuf@1.4.2)(@connectrpc/connect@1.1.3):
    resolution: {integrity: sha512-oq7Uk8XlLzC2+eHaxZTX189dhujD0/tK9plizxofsFHUnLquMSmzQQ2GzvTv4u6U05eZYc/crySmf86Sqpi1bA==}
    engines: {node: '>=16.0.0'}
    peerDependencies:
      '@bufbuild/protobuf': ^1.3.3
      '@connectrpc/connect': 1.1.3
    dependencies:
      '@bufbuild/protobuf': 1.4.2
      '@connectrpc/connect': 1.1.3(@bufbuild/protobuf@1.4.2)
      undici: 5.27.2
    dev: false

  /@connectrpc/connect@1.1.3(@bufbuild/protobuf@1.4.2):
    resolution: {integrity: sha512-AXkbsLQe2Nm7VuoN5nqp05GEb9mPa/f5oFzDqTbHME4i8TghTrlY03uefbhuAq4wjsnfDnmuxHZvn6ndlgXmbg==}
    peerDependencies:
      '@bufbuild/protobuf': ^1.3.3
    dependencies:
      '@bufbuild/protobuf': 1.4.2
    dev: false

  /@effect/cli@0.0.0-snapshot-3fd5804(@effect/platform@0.30.6)(@effect/printer-ansi@0.23.1)(@effect/printer@0.23.1)(@effect/schema@0.48.4)(effect@2.0.0-next.55):
    resolution: {integrity: sha512-GspT+a9BtTqRqD1E9TJDd8Wl8Gzq66WddbrpchaW1XXKBNKVEoZWGAZsXjKNpbr909HgcaQLgMYSYvlkwSijrg==}
    peerDependencies:
      '@effect/platform': ^0.30.6
      '@effect/printer': ^0.23.1
      '@effect/printer-ansi': ^0.23.1
      '@effect/schema': ^0.48.4
      effect: 2.0.0-next.55
    dependencies:
      '@effect/platform': 0.30.6(@effect/schema@0.48.4)(effect@2.0.0-next.55)
      '@effect/printer': 0.23.1(@effect/typeclass@0.15.0)(effect@2.0.0-next.55)
      '@effect/printer-ansi': 0.23.1(@effect/typeclass@0.15.0)(effect@2.0.0-next.55)
      '@effect/schema': 0.48.4(effect@2.0.0-next.55)(fast-check@3.14.0)
      effect: 2.0.0-next.55
    dev: false

  /@effect/platform-node@0.31.9(@effect/schema@0.48.4)(effect@2.0.0-next.55):
    resolution: {integrity: sha512-paV3NIOgkQVLrB6D+ChDNLppZzfPfInc6Hc/1bKRX53PF6jobq3+15MignbT765yPW/0Y2g0Eu1zNZBE5ouQbg==}
    peerDependencies:
      effect: 2.0.0-next.55
    dependencies:
      '@effect/platform': 0.30.6(@effect/schema@0.48.4)(effect@2.0.0-next.55)
      effect: 2.0.0-next.55
      mime: 3.0.0
      multipasta: 0.1.18
    transitivePeerDependencies:
      - '@effect/schema'
    dev: false

  /@effect/platform@0.30.6(@effect/schema@0.48.4)(effect@2.0.0-next.55):
    resolution: {integrity: sha512-TJpE5BAaXhtV0qGcR9mvzuW3QsIPmzYoEAwhxmJyzefvlGyD9UC5KXzWwQeQW9J7yQ7/48J8feGTp5ZJAvUOFA==}
    peerDependencies:
      '@effect/schema': ^0.48.0
      effect: 2.0.0-next.55
    dependencies:
      '@effect/schema': 0.48.4(effect@2.0.0-next.55)(fast-check@3.14.0)
      effect: 2.0.0-next.55
      find-my-way: 7.7.0
      multipasta: 0.1.18
      path-browserify: 1.0.1
    dev: false

  /@effect/printer-ansi@0.23.1(@effect/typeclass@0.15.0)(effect@2.0.0-next.55):
    resolution: {integrity: sha512-ly5WOOsWE8hGmL83W6BHKGuWihi2xHZfqc9NBr3Jz6cTdrXULa5UW+qFzEM+kj1kzzYL/3cmKK5UEDSaEk/wcw==}
    peerDependencies:
      '@effect/typeclass': ^0.15.0
      effect: 2.0.0-next.55
    dependencies:
      '@effect/printer': 0.23.1(@effect/typeclass@0.15.0)(effect@2.0.0-next.55)
      '@effect/typeclass': 0.15.0(effect@2.0.0-next.55)
      effect: 2.0.0-next.55
    dev: false

  /@effect/printer@0.23.1(@effect/typeclass@0.15.0)(effect@2.0.0-next.55):
    resolution: {integrity: sha512-N55StvzEhSPDkANiyrp+DdiGIJL9NuxK5deAo83RRf8n1D7jlpWY+r/NWVNngkwgwhzt638YU2Eq4eCDk92AAg==}
    peerDependencies:
      '@effect/typeclass': ^0.15.0
      effect: 2.0.0-next.55
    dependencies:
      '@effect/typeclass': 0.15.0(effect@2.0.0-next.55)
      effect: 2.0.0-next.55
    dev: false

  /@effect/schema@0.48.4(effect@2.0.0-next.55)(fast-check@3.14.0):
    resolution: {integrity: sha512-V+1eY8VvYuEZs+vU0JWPoh30gNdBtDnabOJrE2tNuoMKcw9LgjQFaPoVR4Jw7Swm0TmdfRHuIkhWjK4i7XyGiA==}
    peerDependencies:
      effect: 2.0.0-next.55
      fast-check: ^3.13.2
    dependencies:
      effect: 2.0.0-next.55
      fast-check: 3.14.0
    dev: false

  /@effect/typeclass@0.15.0(effect@2.0.0-next.55):
    resolution: {integrity: sha512-4ow25i4n4EaJGElAQNA66ZLquqU32cV+B9RAaSZe7FHATsJFgkmeRK6aF/a0EwLuwrWo2wnzP57UhiP6uVAtKw==}
    peerDependencies:
      effect: 2.0.0-next.55
    dependencies:
      effect: 2.0.0-next.55
    dev: false

  /@esbuild/android-arm64@0.19.6:
    resolution: {integrity: sha512-KQ/hbe9SJvIJ4sR+2PcZ41IBV+LPJyYp6V1K1P1xcMRup9iYsBoQn4MzE3mhMLOld27Au2eDcLlIREeKGUXpHQ==}
    engines: {node: '>=12'}
    cpu: [arm64]
    os: [android]
    requiresBuild: true
    dev: true
    optional: true

  /@esbuild/android-arm@0.19.6:
    resolution: {integrity: sha512-muPzBqXJKCbMYoNbb1JpZh/ynl0xS6/+pLjrofcR3Nad82SbsCogYzUE6Aq9QT3cLP0jR/IVK/NHC9b90mSHtg==}
    engines: {node: '>=12'}
    cpu: [arm]
    os: [android]
    requiresBuild: true
    dev: true
    optional: true

  /@esbuild/android-x64@0.19.6:
    resolution: {integrity: sha512-VVJVZQ7p5BBOKoNxd0Ly3xUM78Y4DyOoFKdkdAe2m11jbh0LEU4bPles4e/72EMl4tapko8o915UalN/5zhspg==}
    engines: {node: '>=12'}
    cpu: [x64]
    os: [android]
    requiresBuild: true
    dev: true
    optional: true

  /@esbuild/darwin-arm64@0.19.6:
    resolution: {integrity: sha512-91LoRp/uZAKx6ESNspL3I46ypwzdqyDLXZH7x2QYCLgtnaU08+AXEbabY2yExIz03/am0DivsTtbdxzGejfXpA==}
    engines: {node: '>=12'}
    cpu: [arm64]
    os: [darwin]
    requiresBuild: true
    dev: true
    optional: true

  /@esbuild/darwin-x64@0.19.6:
    resolution: {integrity: sha512-QCGHw770ubjBU1J3ZkFJh671MFajGTYMZumPs9E/rqU52md6lIil97BR0CbPq6U+vTh3xnTNDHKRdR8ggHnmxQ==}
    engines: {node: '>=12'}
    cpu: [x64]
    os: [darwin]
    requiresBuild: true
    dev: true
    optional: true

  /@esbuild/freebsd-arm64@0.19.6:
    resolution: {integrity: sha512-J53d0jGsDcLzWk9d9SPmlyF+wzVxjXpOH7jVW5ae7PvrDst4kiAz6sX+E8btz0GB6oH12zC+aHRD945jdjF2Vg==}
    engines: {node: '>=12'}
    cpu: [arm64]
    os: [freebsd]
    requiresBuild: true
    dev: true
    optional: true

  /@esbuild/freebsd-x64@0.19.6:
    resolution: {integrity: sha512-hn9qvkjHSIB5Z9JgCCjED6YYVGCNpqB7dEGavBdG6EjBD8S/UcNUIlGcB35NCkMETkdYwfZSvD9VoDJX6VeUVA==}
    engines: {node: '>=12'}
    cpu: [x64]
    os: [freebsd]
    requiresBuild: true
    dev: true
    optional: true

  /@esbuild/linux-arm64@0.19.6:
    resolution: {integrity: sha512-HQCOrk9XlH3KngASLaBfHpcoYEGUt829A9MyxaI8RMkfRA8SakG6YQEITAuwmtzFdEu5GU4eyhKcpv27dFaOBg==}
    engines: {node: '>=12'}
    cpu: [arm64]
    os: [linux]
    requiresBuild: true
    dev: true
    optional: true

  /@esbuild/linux-arm@0.19.6:
    resolution: {integrity: sha512-G8IR5zFgpXad/Zp7gr7ZyTKyqZuThU6z1JjmRyN1vSF8j0bOlGzUwFSMTbctLAdd7QHpeyu0cRiuKrqK1ZTwvQ==}
    engines: {node: '>=12'}
    cpu: [arm]
    os: [linux]
    requiresBuild: true
    dev: true
    optional: true

  /@esbuild/linux-ia32@0.19.6:
    resolution: {integrity: sha512-22eOR08zL/OXkmEhxOfshfOGo8P69k8oKHkwkDrUlcB12S/sw/+COM4PhAPT0cAYW/gpqY2uXp3TpjQVJitz7w==}
    engines: {node: '>=12'}
    cpu: [ia32]
    os: [linux]
    requiresBuild: true
    dev: true
    optional: true

  /@esbuild/linux-loong64@0.19.6:
    resolution: {integrity: sha512-82RvaYAh/SUJyjWA8jDpyZCHQjmEggL//sC7F3VKYcBMumQjUL3C5WDl/tJpEiKtt7XrWmgjaLkrk205zfvwTA==}
    engines: {node: '>=12'}
    cpu: [loong64]
    os: [linux]
    requiresBuild: true
    dev: true
    optional: true

  /@esbuild/linux-mips64el@0.19.6:
    resolution: {integrity: sha512-8tvnwyYJpR618vboIv2l8tK2SuK/RqUIGMfMENkeDGo3hsEIrpGldMGYFcWxWeEILe5Fi72zoXLmhZ7PR23oQA==}
    engines: {node: '>=12'}
    cpu: [mips64el]
    os: [linux]
    requiresBuild: true
    dev: true
    optional: true

  /@esbuild/linux-ppc64@0.19.6:
    resolution: {integrity: sha512-Qt+D7xiPajxVNk5tQiEJwhmarNnLPdjXAoA5uWMpbfStZB0+YU6a3CtbWYSy+sgAsnyx4IGZjWsTzBzrvg/fMA==}
    engines: {node: '>=12'}
    cpu: [ppc64]
    os: [linux]
    requiresBuild: true
    dev: true
    optional: true

  /@esbuild/linux-riscv64@0.19.6:
    resolution: {integrity: sha512-lxRdk0iJ9CWYDH1Wpnnnc640ajF4RmQ+w6oHFZmAIYu577meE9Ka/DCtpOrwr9McMY11ocbp4jirgGgCi7Ls/g==}
    engines: {node: '>=12'}
    cpu: [riscv64]
    os: [linux]
    requiresBuild: true
    dev: true
    optional: true

  /@esbuild/linux-s390x@0.19.6:
    resolution: {integrity: sha512-MopyYV39vnfuykHanRWHGRcRC3AwU7b0QY4TI8ISLfAGfK+tMkXyFuyT1epw/lM0pflQlS53JoD22yN83DHZgA==}
    engines: {node: '>=12'}
    cpu: [s390x]
    os: [linux]
    requiresBuild: true
    dev: true
    optional: true

  /@esbuild/linux-x64@0.19.6:
    resolution: {integrity: sha512-UWcieaBzsN8WYbzFF5Jq7QULETPcQvlX7KL4xWGIB54OknXJjBO37sPqk7N82WU13JGWvmDzFBi1weVBajPovg==}
    engines: {node: '>=12'}
    cpu: [x64]
    os: [linux]
    requiresBuild: true
    dev: true
    optional: true

  /@esbuild/netbsd-x64@0.19.6:
    resolution: {integrity: sha512-EpWiLX0fzvZn1wxtLxZrEW+oQED9Pwpnh+w4Ffv8ZLuMhUoqR9q9rL4+qHW8F4Mg5oQEKxAoT0G+8JYNqCiR6g==}
    engines: {node: '>=12'}
    cpu: [x64]
    os: [netbsd]
    requiresBuild: true
    dev: true
    optional: true

  /@esbuild/openbsd-x64@0.19.6:
    resolution: {integrity: sha512-fFqTVEktM1PGs2sLKH4M5mhAVEzGpeZJuasAMRnvDZNCV0Cjvm1Hu35moL2vC0DOrAQjNTvj4zWrol/lwQ8Deg==}
    engines: {node: '>=12'}
    cpu: [x64]
    os: [openbsd]
    requiresBuild: true
    dev: true
    optional: true

  /@esbuild/sunos-x64@0.19.6:
    resolution: {integrity: sha512-M+XIAnBpaNvaVAhbe3uBXtgWyWynSdlww/JNZws0FlMPSBy+EpatPXNIlKAdtbFVII9OpX91ZfMb17TU3JKTBA==}
    engines: {node: '>=12'}
    cpu: [x64]
    os: [sunos]
    requiresBuild: true
    dev: true
    optional: true

  /@esbuild/win32-arm64@0.19.6:
    resolution: {integrity: sha512-2DchFXn7vp/B6Tc2eKdTsLzE0ygqKkNUhUBCNtMx2Llk4POIVMUq5rUYjdcedFlGLeRe1uLCpVvCmE+G8XYybA==}
    engines: {node: '>=12'}
    cpu: [arm64]
    os: [win32]
    requiresBuild: true
    dev: true
    optional: true

  /@esbuild/win32-ia32@0.19.6:
    resolution: {integrity: sha512-PBo/HPDQllyWdjwAVX+Gl2hH0dfBydL97BAH/grHKC8fubqp02aL4S63otZ25q3sBdINtOBbz1qTZQfXbP4VBg==}
    engines: {node: '>=12'}
    cpu: [ia32]
    os: [win32]
    requiresBuild: true
    dev: true
    optional: true

  /@esbuild/win32-x64@0.19.6:
    resolution: {integrity: sha512-OE7yIdbDif2kKfrGa+V0vx/B3FJv2L4KnIiLlvtibPyO9UkgO3rzYE0HhpREo2vmJ1Ixq1zwm9/0er+3VOSZJA==}
    engines: {node: '>=12'}
    cpu: [x64]
    os: [win32]
    requiresBuild: true
    dev: true
    optional: true

  /@fastify/busboy@2.1.0:
    resolution: {integrity: sha512-+KpH+QxZU7O4675t3mnkQKcZZg56u+K/Ct2K+N2AZYNVK8kyeo/bI18tI8aPm3tvNNRyTWfj6s5tnGNlcbQRsA==}
    engines: {node: '>=14'}
    dev: false

  /@opentelemetry/api@1.7.0:
    resolution: {integrity: sha512-AdY5wvN0P2vXBi3b29hxZgSFvdhdxPB9+f0B6s//P9Q8nibRWeA3cHm8UmLpio9ABigkVHJ5NMPk+Mz8VCCyrw==}
    engines: {node: '>=8.0.0'}
    dev: false

  /@substreams/core@0.1.19:
    resolution: {integrity: sha512-GEEkhJb1XUkBvlRzlA7JOXJnS5XmKO4C6ZPz2djxKkRr98EEWH2C1EGCiK/vBYt2trsOVnq/fYizaqRl6vXW5Q==}
    dependencies:
      '@bufbuild/connect': 0.12.0(@bufbuild/protobuf@1.4.2)
      '@bufbuild/protobuf': 1.4.2
    dev: false

  /@substreams/core@0.6.2(@bufbuild/protobuf@1.4.2)(@connectrpc/connect@1.1.3):
    resolution: {integrity: sha512-YvaWPGleSDCbBUR06fKFIOZ37ttNXjQR86dioGkdM2SdBhT5kAjSWN5/GyD1mCeWStMRXjJZIF/qqS/NitIquQ==}
    peerDependencies:
      '@bufbuild/protobuf': ^1.4.1
      '@connectrpc/connect': ^1.1.3
    dependencies:
      '@bufbuild/protobuf': 1.4.2
      '@connectrpc/connect': 1.1.3(@bufbuild/protobuf@1.4.2)
    dev: false

  /@substreams/core@0.8.0(@bufbuild/protobuf@1.4.2)(@connectrpc/connect@1.1.3):
    resolution: {integrity: sha512-wY3LJr5CR5wP+Rv8fMuKwHnXDwc/m3DJVdIZemRlkGIM1ekWHlgen5Ml2NI5SDzQdKr7QUNQiT7YbuytcdUs3Q==}
    peerDependencies:
      '@bufbuild/protobuf': ^1.4.2
      '@connectrpc/connect': ^1.1.3
    dependencies:
      '@bufbuild/protobuf': 1.4.2
      '@connectrpc/connect': 1.1.3(@bufbuild/protobuf@1.4.2)
    dev: false

  /@substreams/manifest@0.5.1(@bufbuild/buf@1.28.1)(@bufbuild/protobuf@1.4.2)(@connectrpc/connect@1.1.3)(@effect/schema@0.48.4)(effect@2.0.0-next.55)(yaml@2.3.4):
    resolution: {integrity: sha512-M14qceuGUjqQRtLqFzpMI2ZCkBC10n7bREN+uhSFNN+S5IKDUzBVGPe6KYE1or+UI704VpbDvjLX5B3lsTLFjQ==}
    peerDependencies:
      '@bufbuild/buf': ^1.27.2
      '@bufbuild/protobuf': ^1.4.1
      '@effect/schema': ^0.46.3
      effect: ^2.0.0-next.52
      yaml: ^2.3.3
    dependencies:
      '@bufbuild/buf': 1.28.1
      '@bufbuild/protobuf': 1.4.2
      '@effect/schema': 0.48.4(effect@2.0.0-next.55)(fast-check@3.14.0)
      '@substreams/core': 0.6.2(@bufbuild/protobuf@1.4.2)(@connectrpc/connect@1.1.3)
      effect: 2.0.0-next.55
      yaml: 2.3.4
    transitivePeerDependencies:
      - '@connectrpc/connect'
    dev: false

  /@substreams/node@0.3.0:
    resolution: {integrity: sha512-vefRR40IESJbxOyx4OlWia0+lJM+sbOft+kOyF0yZd02dDfFta9y4wItYBKVrlFdeHlRUlx6w7PdiykjsVW9qA==}
    engines: {node: '>=16'}
    dependencies:
      '@bufbuild/connect': 0.13.0(@bufbuild/protobuf@1.4.2)
      '@bufbuild/connect-node': 0.13.0(@bufbuild/protobuf@1.4.2)
      '@bufbuild/protobuf': 1.4.2
      '@substreams/core': 0.1.19
      eventemitter3: 5.0.1
    dev: false

  /@substreams/sink@0.6.0(@bufbuild/protobuf@1.4.2)(@connectrpc/connect@1.1.3)(effect@2.0.0-next.55):
    resolution: {integrity: sha512-km25ZLj/Hb3TVYZTW7KtYpSZU8+6rhhLHhhZZhu/nWnuwBw4iefPlTXEsTAOTTCSSAB9UXa2C7xx/U7UH8ok6Q==}
    peerDependencies:
      '@bufbuild/protobuf': ^1.4.2
      '@connectrpc/connect': ^1.1.3
      effect: 2.0.0-next.55
    dependencies:
      '@bufbuild/protobuf': 1.4.2
      '@connectrpc/connect': 1.1.3(@bufbuild/protobuf@1.4.2)
      '@substreams/core': 0.8.0(@bufbuild/protobuf@1.4.2)(@connectrpc/connect@1.1.3)
      effect: 2.0.0-next.55
    dev: false

  /@tsconfig/recommended@1.0.3:
    resolution: {integrity: sha512-+jby/Guq9H8O7NWgCv6X8VAiQE8Dr/nccsCtL74xyHKhu2Knu5EAKmOZj3nLCnLm1KooUzKY+5DsnGVqhM8/wQ==}
    dev: true

  /@types/node@20.9.2:
    resolution: {integrity: sha512-WHZXKFCEyIUJzAwh3NyyTHYSR35SevJ6mZ1nWwJafKtiQbqRTIKSRcw3Ma3acqgsent3RRDqeVwpHntMk+9irg==}
    dependencies:
      undici-types: 5.26.5

  /@types/pg@8.10.9:
    resolution: {integrity: sha512-UksbANNE/f8w0wOMxVKKIrLCbEMV+oM1uKejmwXr39olg4xqcfBDbXxObJAt6XxHbDa4XTKOlUEcEltXDX+XLQ==}
    dependencies:
      '@types/node': 20.9.2
      pg-protocol: 1.6.0
      pg-types: 4.0.1
    dev: false

  /bintrees@1.0.2:
    resolution: {integrity: sha512-VOMgTMwjAaUG580SXn3LacVgjurrbMme7ZZNYGSSV7mmtY6QQRh0Eg3pwIcntQ77DErK1L0NxkbetjcoXzVwKw==}
    dev: false

  /buffer-writer@2.0.0:
    resolution: {integrity: sha512-a7ZpuTZU1TRtnwyCNW3I5dc0wWNC3VR9S++Ewyk2HHZdrO3CQJqSpd+95Us590V6AL7JqUAH2IwZ/398PmNFgw==}
    engines: {node: '>=4'}
    dev: false

  /commander@11.1.0:
    resolution: {integrity: sha512-yPVavfyCcRhmorC7rWlkHn15b4wDVgVmBA7kV4QVBsF7kv/9TKJAbAXVTxvTnwP8HHKjRCJDClKbciiYS7p0DQ==}
    engines: {node: '>=16'}
    dev: false

  /cross-spawn@7.0.3:
    resolution: {integrity: sha512-iRDPJKUPVEND7dHPO8rkbOnPpyDygcDFtWjpeWNCgy8WP2rXcxXL8TskReQl6OrB2G7+UJrags1q15Fudc7G6w==}
    engines: {node: '>= 8'}
    dependencies:
      path-key: 3.1.1
      shebang-command: 2.0.0
      which: 2.0.2
    dev: true

  /data-uri-to-buffer@4.0.1:
    resolution: {integrity: sha512-0R9ikRb668HB7QDxT1vkpuUBtqc53YyAwMwGeUFKRojY/NWKvdZ+9UYtRfGmhqNbRkTSVpMbmyhXipFFv2cb/A==}
    engines: {node: '>= 12'}
    dev: false

  /dotenv-cli@7.3.0:
    resolution: {integrity: sha512-314CA4TyK34YEJ6ntBf80eUY+t1XaFLyem1k9P0sX1gn30qThZ5qZr/ZwE318gEnzyYP9yj9HJk6SqwE0upkfw==}
    hasBin: true
    dependencies:
      cross-spawn: 7.0.3
      dotenv: 16.3.1
      dotenv-expand: 10.0.0
      minimist: 1.2.8
    dev: true

  /dotenv-expand@10.0.0:
    resolution: {integrity: sha512-GopVGCpVS1UKH75VKHGuQFqS1Gusej0z4FyQkPdwjil2gNIv+LNsqBlboOzpJFZKVT95GkCyWJbBSdFEFUWI2A==}
    engines: {node: '>=12'}
    dev: true

  /dotenv@16.3.1:
    resolution: {integrity: sha512-IPzF4w4/Rd94bA9imS68tZBaYyBWSCE47V1RGuMrB94iyTOIEwRmVL2x/4An+6mETpLrKJ5hQkB8W4kFAadeIQ==}
    engines: {node: '>=12'}

  /effect@2.0.0-next.55:
    resolution: {integrity: sha512-kNOB/HaDSdaFSDVXK2gyf4XcTKbKKlllyoS871uDyoJskcc+024sSOHnNioXZPgkqaz55a3mad4DFfLUIETwYQ==}
    dev: false

  /esbuild@0.19.6:
    resolution: {integrity: sha512-Xl7dntjA2OEIvpr9j0DVxxnog2fyTGnyVoQXAMQI6eR3mf9zCQds7VIKUDCotDgE/p4ncTgeRqgX8t5d6oP4Gw==}
    engines: {node: '>=12'}
    hasBin: true
    requiresBuild: true
    optionalDependencies:
      '@esbuild/android-arm': 0.19.6
      '@esbuild/android-arm64': 0.19.6
      '@esbuild/android-x64': 0.19.6
      '@esbuild/darwin-arm64': 0.19.6
      '@esbuild/darwin-x64': 0.19.6
      '@esbuild/freebsd-arm64': 0.19.6
      '@esbuild/freebsd-x64': 0.19.6
      '@esbuild/linux-arm': 0.19.6
      '@esbuild/linux-arm64': 0.19.6
      '@esbuild/linux-ia32': 0.19.6
      '@esbuild/linux-loong64': 0.19.6
      '@esbuild/linux-mips64el': 0.19.6
      '@esbuild/linux-ppc64': 0.19.6
      '@esbuild/linux-riscv64': 0.19.6
      '@esbuild/linux-s390x': 0.19.6
      '@esbuild/linux-x64': 0.19.6
      '@esbuild/netbsd-x64': 0.19.6
      '@esbuild/openbsd-x64': 0.19.6
      '@esbuild/sunos-x64': 0.19.6
      '@esbuild/win32-arm64': 0.19.6
      '@esbuild/win32-ia32': 0.19.6
      '@esbuild/win32-x64': 0.19.6
    dev: true

  /eventemitter3@5.0.1:
    resolution: {integrity: sha512-GWkBvjiSZK87ELrYOSESUYeVIc9mvLLf/nXalMOS5dYrgZq9o5OVkbZAVM06CVxYsCwH9BDZFPlQTlPA1j4ahA==}
    dev: false

  /fast-check@3.14.0:
    resolution: {integrity: sha512-9Z0zqASzDNjXBox/ileV/fd+4P+V/f3o4shM6QawvcdLFh8yjPG4h5BrHUZ8yzY6amKGDTAmRMyb/JZqe+dCgw==}
    engines: {node: '>=8.0.0'}
    dependencies:
      pure-rand: 6.0.4
    dev: false

  /fast-decode-uri-component@1.0.1:
    resolution: {integrity: sha512-WKgKWg5eUxvRZGwW8FvfbaH7AXSh2cL+3j5fMGzUMCxWBJ3dV3a7Wz8y2f/uQ0e3B6WmodD3oS54jTQ9HVTIIg==}
    dev: false

  /fast-deep-equal@3.1.3:
    resolution: {integrity: sha512-f3qQ9oQy9j2AhBe/H9VC91wLmKBCCU/gDOnKNAYG5hswO7BLKj09Hc5HYNz9cGI++xlpDCIgDaitVs03ATR84Q==}
    dev: false

  /fast-querystring@1.1.2:
    resolution: {integrity: sha512-g6KuKWmFXc0fID8WWH0jit4g0AGBoJhCkJMb1RmbsSEUNvQ+ZC8D6CUZ+GtF8nMzSPXnhiePyyqqipzNNEnHjg==}
    dependencies:
      fast-decode-uri-component: 1.0.1
    dev: false

  /fetch-blob@3.2.0:
    resolution: {integrity: sha512-7yAQpD2UMJzLi1Dqv7qFYnPbaPx7ZfFK6PiIxQ4PfkGPyNyl2Ugx+a/umUonmKqjhM4DnfbMvdX6otXq83soQQ==}
    engines: {node: ^12.20 || >= 14.13}
    dependencies:
      node-domexception: 1.0.0
      web-streams-polyfill: 3.2.1
    dev: false

  /fetch-retry@5.0.6:
    resolution: {integrity: sha512-3yurQZ2hD9VISAhJJP9bpYFNQrHHBXE2JxxjY5aLEcDi46RmAzJE2OC9FAde0yis5ElW0jTTzs0zfg/Cca4XqQ==}
    dev: false

  /find-my-way@7.7.0:
    resolution: {integrity: sha512-+SrHpvQ52Q6W9f3wJoJBbAQULJuNEEQwBvlvYwACDhBTLOTMiQ0HYWh4+vC3OivGP2ENcTI1oKlFA2OepJNjhQ==}
    engines: {node: '>=14'}
    dependencies:
      fast-deep-equal: 3.1.3
      fast-querystring: 1.1.2
      safe-regex2: 2.0.0
    dev: false

  /formdata-polyfill@4.0.10:
    resolution: {integrity: sha512-buewHzMvYL29jdeQTVILecSaZKnt/RJWjoZCF5OW60Z67/GmSLBkOFM7qh1PI3zFNtJbaZL5eQu1vLfazOwj4g==}
    engines: {node: '>=12.20.0'}
    dependencies:
      fetch-blob: 3.2.0
    dev: false

  /headers-polyfill@3.3.0:
    resolution: {integrity: sha512-5e57etwBpNcDc0b6KCVWEh/Ro063OxPvzVimUdM0/tsYM/T7Hfy3kknIGj78SFTOhNd8AZY41U8mOHoO4LzmIQ==}
    dev: false

  /isexe@2.0.0:
    resolution: {integrity: sha512-RHxMLp9lnKHGHRng9QFhRCMbYAcVpn69smSGcq3f36xjgVVWThj4qqLbTLlq7Ssj8B+fIQ1EuCEGI2lKsyQeIw==}
    dev: true

  /mime@3.0.0:
    resolution: {integrity: sha512-jSCU7/VB1loIWBZe14aEYHU/+1UMEHoaO7qxCOVJOw9GgH72VAWppxNcjU+x9a2k3GSIBXNKxXQFqRvvZ7vr3A==}
    engines: {node: '>=10.0.0'}
    hasBin: true
    dev: false

  /minimist@1.2.8:
    resolution: {integrity: sha512-2yyAR8qBkN3YuheJanUpWC5U3bb5osDywNB8RzDVlDwDHbocAJveqqj1u8+SVD7jkWT4yvsHCpWqqWqAxb0zCA==}
    dev: true

  /multipasta@0.1.18:
    resolution: {integrity: sha512-lY1GMsEcZEcdv2dSQ0R9JVRDYyvx7aWZ1RDbUc3K42H6CGbrkGuODFq9jLAx7rcDIbMn/lT+kgVA9HAGxIXiCw==}
    dev: false

  /node-domexception@1.0.0:
    resolution: {integrity: sha512-/jKZoMpw0F8GRwl4/eLROPA3cfcXtLApP0QzLmUT/HuPCZWyB7IY9ZrMeKw2O/nFIqPQB3PVM9aYm0F312AXDQ==}
    engines: {node: '>=10.5.0'}
    dev: false

  /node-fetch@3.3.2:
    resolution: {integrity: sha512-dRB78srN/l6gqWulah9SrxeYnxeddIG30+GOqK/9OlLVyLg3HPnr6SqOWTWOXKRwC2eGYCkZ59NNuSgvSrpgOA==}
    engines: {node: ^12.20.0 || ^14.13.1 || >=16.0.0}
    dependencies:
      data-uri-to-buffer: 4.0.1
      fetch-blob: 3.2.0
      formdata-polyfill: 4.0.10
    dev: false

  /obuf@1.1.2:
    resolution: {integrity: sha512-PX1wu0AmAdPqOL1mWhqmlOd8kOIZQwGZw6rh7uby9fTc5lhaOWFLX3I6R1hrF9k3zUY40e6igsLGkDXK92LJNg==}
    dev: false

  /packet-reader@1.0.0:
    resolution: {integrity: sha512-HAKu/fG3HpHFO0AA8WE8q2g+gBJaZ9MG7fcKk+IJPLTGAD6Psw4443l+9DGRbOIh3/aXr7Phy0TjilYivJo5XQ==}
    dev: false

  /path-browserify@1.0.1:
    resolution: {integrity: sha512-b7uo2UCUOYZcnF/3ID0lulOJi/bafxa1xPe7ZPsammBSpjSWQkjNxlt635YGS2MiR9GjvuXCtz2emr3jbsz98g==}
    dev: false

  /path-key@3.1.1:
    resolution: {integrity: sha512-ojmeN0qd+y0jszEtoY48r0Peq5dwMEkIlCOu6Q5f41lfkswXuKtYrhgoTpLnyIcHm24Uhqx+5Tqm2InSwLhE6Q==}
    engines: {node: '>=8'}
    dev: true

  /pg-cloudflare@1.1.1:
    resolution: {integrity: sha512-xWPagP/4B6BgFO+EKz3JONXv3YDgvkbVrGw2mTo3D6tVDQRh1e7cqVGvyR3BE+eQgAvx1XhW/iEASj4/jCWl3Q==}
    requiresBuild: true
    dev: false
    optional: true

  /pg-connection-string@2.6.2:
    resolution: {integrity: sha512-ch6OwaeaPYcova4kKZ15sbJ2hKb/VP48ZD2gE7i1J+L4MspCtBMAx8nMgz7bksc7IojCIIWuEhHibSMFH8m8oA==}
    dev: false

  /pg-cursor@2.10.3(pg@8.11.3):
    resolution: {integrity: sha512-rDyBVoqPVnx/PTmnwQAYgusSeAKlTL++gmpf5klVK+mYMFEqsOc6VHHZnPKc/4lOvr4r6fiMuoxSFuBF1dx4FQ==}
    peerDependencies:
      pg: ^8
    dependencies:
      pg: 8.11.3
    dev: false

  /pg-int8@1.0.1:
    resolution: {integrity: sha512-WCtabS6t3c8SkpDBUlb1kjOs7l66xsGdKpIPZsg4wR+B3+u9UAum2odSsF9tnvxg80h4ZxLWMy4pRjOsFIqQpw==}
    engines: {node: '>=4.0.0'}
    dev: false

  /pg-numeric@1.0.2:
    resolution: {integrity: sha512-BM/Thnrw5jm2kKLE5uJkXqqExRUY/toLHda65XgFTBTFYZyopbKjBe29Ii3RbkvlsMoFwD+tHeGaCjjv0gHlyw==}
    engines: {node: '>=4'}
    dev: false

  /pg-pool@3.6.1(pg@8.11.3):
    resolution: {integrity: sha512-jizsIzhkIitxCGfPRzJn1ZdcosIt3pz9Sh3V01fm1vZnbnCMgmGl5wvGGdNN2EL9Rmb0EcFoCkixH4Pu+sP9Og==}
    peerDependencies:
      pg: '>=8.0'
    dependencies:
      pg: 8.11.3
    dev: false

  /pg-protocol@1.6.0:
    resolution: {integrity: sha512-M+PDm637OY5WM307051+bsDia5Xej6d9IR4GwJse1qA1DIhiKlksvrneZOYQq42OM+spubpcNYEo2FcKQrDk+Q==}
    dev: false

  /pg-types@2.2.0:
    resolution: {integrity: sha512-qTAAlrEsl8s4OiEQY69wDvcMIdQN6wdz5ojQiOy6YRMuynxenON0O5oCpJI6lshc6scgAY8qvJ2On/p+CXY0GA==}
    engines: {node: '>=4'}
    dependencies:
      pg-int8: 1.0.1
      postgres-array: 2.0.0
      postgres-bytea: 1.0.0
      postgres-date: 1.0.7
      postgres-interval: 1.2.0
    dev: false

  /pg-types@4.0.1:
    resolution: {integrity: sha512-hRCSDuLII9/LE3smys1hRHcu5QGcLs9ggT7I/TCs0IE+2Eesxi9+9RWAAwZ0yaGjxoWICF/YHLOEjydGujoJ+g==}
    engines: {node: '>=10'}
    dependencies:
      pg-int8: 1.0.1
      pg-numeric: 1.0.2
      postgres-array: 3.0.2
      postgres-bytea: 3.0.0
      postgres-date: 2.0.1
      postgres-interval: 3.0.0
      postgres-range: 1.1.3
    dev: false

  /pg@8.11.3:
    resolution: {integrity: sha512-+9iuvG8QfaaUrrph+kpF24cXkH1YOOUeArRNYIxq1viYHZagBxrTno7cecY1Fa44tJeZvaoG+Djpkc3JwehN5g==}
    engines: {node: '>= 8.0.0'}
    peerDependencies:
      pg-native: '>=3.0.1'
    peerDependenciesMeta:
      pg-native:
        optional: true
    dependencies:
      buffer-writer: 2.0.0
      packet-reader: 1.0.0
      pg-connection-string: 2.6.2
      pg-pool: 3.6.1(pg@8.11.3)
      pg-protocol: 1.6.0
      pg-types: 2.2.0
      pgpass: 1.0.5
    optionalDependencies:
      pg-cloudflare: 1.1.1
    dev: false

  /pgpass@1.0.5:
    resolution: {integrity: sha512-FdW9r/jQZhSeohs1Z3sI1yxFQNFvMcnmfuj4WBMUTxOrAyLMaTcE1aAMBiTlbMNaXvBCQuVi0R7hd8udDSP7ug==}
    dependencies:
      split2: 4.2.0
    dev: false

  /postgres-array@2.0.0:
    resolution: {integrity: sha512-VpZrUqU5A69eQyW2c5CA1jtLecCsN2U/bD6VilrFDWq5+5UIEVO7nazS3TEcHf1zuPYO/sqGvUvW62g86RXZuA==}
    engines: {node: '>=4'}
    dev: false

  /postgres-array@3.0.2:
    resolution: {integrity: sha512-6faShkdFugNQCLwucjPcY5ARoW1SlbnrZjmGl0IrrqewpvxvhSLHimCVzqeuULCbG0fQv7Dtk1yDbG3xv7Veog==}
    engines: {node: '>=12'}
    dev: false

  /postgres-bytea@1.0.0:
    resolution: {integrity: sha512-xy3pmLuQqRBZBXDULy7KbaitYqLcmxigw14Q5sj8QBVLqEwXfeybIKVWiqAXTlcvdvb0+xkOtDbfQMOf4lST1w==}
    engines: {node: '>=0.10.0'}
    dev: false

  /postgres-bytea@3.0.0:
    resolution: {integrity: sha512-CNd4jim9RFPkObHSjVHlVrxoVQXz7quwNFpz7RY1okNNme49+sVyiTvTRobiLV548Hx/hb1BG+iE7h9493WzFw==}
    engines: {node: '>= 6'}
    dependencies:
      obuf: 1.1.2
    dev: false

  /postgres-date@1.0.7:
    resolution: {integrity: sha512-suDmjLVQg78nMK2UZ454hAG+OAW+HQPZ6n++TNDUX+L0+uUlLywnoxJKDou51Zm+zTCjrCl0Nq6J9C5hP9vK/Q==}
    engines: {node: '>=0.10.0'}
    dev: false

  /postgres-date@2.0.1:
    resolution: {integrity: sha512-YtMKdsDt5Ojv1wQRvUhnyDJNSr2dGIC96mQVKz7xufp07nfuFONzdaowrMHjlAzY6GDLd4f+LUHHAAM1h4MdUw==}
    engines: {node: '>=12'}
    dev: false

  /postgres-interval@1.2.0:
    resolution: {integrity: sha512-9ZhXKM/rw350N1ovuWHbGxnGh/SNJ4cnxHiM0rxE4VN41wsg8P8zWn9hv/buK00RP4WvlOyr/RBDiptyxVbkZQ==}
    engines: {node: '>=0.10.0'}
    dependencies:
      xtend: 4.0.2
    dev: false

  /postgres-interval@3.0.0:
    resolution: {integrity: sha512-BSNDnbyZCXSxgA+1f5UU2GmwhoI0aU5yMxRGO8CdFEcY2BQF9xm/7MqKnYoM1nJDk8nONNWDk9WeSmePFhQdlw==}
    engines: {node: '>=12'}
    dev: false

  /postgres-range@1.1.3:
    resolution: {integrity: sha512-VdlZoocy5lCP0c/t66xAfclglEapXPCIVhqqJRncYpvbCgImF0w67aPKfbqUMr72tO2k5q0TdTZwCLjPTI6C9g==}
    dev: false

  /prom-client@15.0.0:
    resolution: {integrity: sha512-UocpgIrKyA2TKLVZDSfm8rGkL13C19YrQBAiG3xo3aDFWcHedxRxI3z+cIcucoxpSO0h5lff5iv/SXoxyeopeA==}
    engines: {node: ^16 || ^18 || >=20}
    dependencies:
      '@opentelemetry/api': 1.7.0
      tdigest: 0.1.2
    dev: false

  /pure-rand@6.0.4:
    resolution: {integrity: sha512-LA0Y9kxMYv47GIPJy6MI84fqTd2HmYZI83W/kM/SkKfDlajnZYfmXFTxkbY+xSBPkLJxltMa9hIkmdc29eguMA==}
    dev: false

  /ret@0.2.2:
    resolution: {integrity: sha512-M0b3YWQs7R3Z917WRQy1HHA7Ba7D8hvZg6UE5mLykJxQVE2ju0IXbGlaHPPlkY+WN7wFP+wUMXmBFA0aV6vYGQ==}
    engines: {node: '>=4'}
    dev: false

  /safe-regex2@2.0.0:
    resolution: {integrity: sha512-PaUSFsUaNNuKwkBijoAPHAK6/eM6VirvyPWlZ7BAQy4D+hCvh4B6lIG+nPdhbFfIbP+gTGBcrdsOaUs0F+ZBOQ==}
    dependencies:
      ret: 0.2.2
    dev: false

  /shebang-command@2.0.0:
    resolution: {integrity: sha512-kHxr2zZpYtdmrN1qDjrrX/Z1rR1kG8Dx+gkpK1G4eXmvXswmcE1hTWBWYUzlraYw1/yZp6YuDY77YtvbN0dmDA==}
    engines: {node: '>=8'}
    dependencies:
      shebang-regex: 3.0.0
    dev: true

  /shebang-regex@3.0.0:
    resolution: {integrity: sha512-7++dFhtcx3353uBaq8DDR4NuxBetBzC7ZQOhmTQInHEd6bSrXdiEyzCvG07Z44UYdLShWUyXt5M/yhz8ekcb1A==}
    engines: {node: '>=8'}
    dev: true

  /split2@4.2.0:
    resolution: {integrity: sha512-UcjcJOWknrNkF6PLX83qcHM6KHgVKNkV62Y8a5uYDVv9ydGQVwAHMKqHdJje1VTWpljG0WYpCDhrCdAOYH4TWg==}
    engines: {node: '>= 10.x'}
    dev: false

  /tdigest@0.1.2:
    resolution: {integrity: sha512-+G0LLgjjo9BZX2MfdvPfH+MKLCrxlXSYec5DaPYP1fe6Iyhf0/fSmJ0bFiZ1F8BT6cGXl2LpltQptzjXKWEkKA==}
    dependencies:
      bintrees: 1.0.2
    dev: false

  /tslog@4.9.2:
    resolution: {integrity: sha512-wBM+LRJoNl34Bdu8mYEFxpvmOUedpNUwMNQB/NcuPIZKwdDde6xLHUev3bBjXQU7gdurX++X/YE7gLH8eXYsiQ==}
    engines: {node: '>=16'}
    dev: false

  /typescript@5.2.2:
    resolution: {integrity: sha512-mI4WrpHsbCIcwT9cF4FZvr80QUeKvsUsUvKDoR+X/7XHQH98xYD8YHZg7ANtz2GtZt/CBq2QJ0thkGJMHfqc1w==}
    engines: {node: '>=14.17'}
    hasBin: true

  /undici-types@5.26.5:
    resolution: {integrity: sha512-JlCMO+ehdEIKqlFxk6IfVoAUVmgz7cU7zD/h9XZ0qzeosSHmUJVOzSQvvYSYWXkFXC+IfLKSIffhv0sVZup6pA==}

  /undici@5.27.2:
    resolution: {integrity: sha512-iS857PdOEy/y3wlM3yRp+6SNQQ6xU0mmZcwRSriqk+et/cwWAtwmIGf6WkoDN2EK/AMdCO/dfXzIwi+rFMrjjQ==}
    engines: {node: '>=14.0'}
    dependencies:
      '@fastify/busboy': 2.1.0
    dev: false

  /web-streams-polyfill@3.2.1:
    resolution: {integrity: sha512-e0MO3wdXWKrLbL0DgGnUV7WHVuw9OUvL4hjgnPkIeEvESk74gAITi5G606JtZPp39cd8HA9VQzCIvA49LpPN5Q==}
    engines: {node: '>= 8'}
    dev: false

  /which@2.0.2:
    resolution: {integrity: sha512-BLI3Tl1TW3Pvl70l3yq3Y64i+awpwXqsGBYWkkqMtnbXgrMD+yj7rhW0kuEDxzJaYXGjEW5ogapKNMEKNMjibA==}
    engines: {node: '>= 8'}
    hasBin: true
    dependencies:
      isexe: 2.0.0
    dev: true

  /xtend@4.0.2:
    resolution: {integrity: sha512-LKYU1iAXJXUgAXn9URjiu+MWhyUXHsvfp7mcuYm9dSUKK0/CjtrUwFAxD82/mCWbtLsGjFIad0wIsod4zrTAEQ==}
    engines: {node: '>=0.4'}
    dev: false

  /yaml@2.3.4:
    resolution: {integrity: sha512-8aAvwVUSHpfEqTQ4w/KMlf3HcRdt50E5ODIQJBw1fQ5RL34xabzxtUlzTXVqc4rkZsPbvrXKWnABCD7kWSmocA==}
    engines: {node: '>= 14'}
    dev: false

  /zapatos@6.2.0(@types/pg@8.10.9)(pg@8.11.3)(typescript@5.2.2):
    resolution: {integrity: sha512-EItSiKJj02GTYzGqCj+qh0waeezqHBZxYWRPVFYY0tiIuxARF/Z/cenkl1b9nd0rJH1mKtF0vzcyHnOBAqbEWg==}
    hasBin: true
    requiresBuild: true
    peerDependencies:
      '@types/pg': '>=7.14.3'
      pg: '>=7.18.2'
      typescript: '>=4.1'
    dependencies:
      '@types/pg': 8.10.9
      pg: 8.11.3
      typescript: 5.2.2
    dev: false

  /zod@3.22.4:
    resolution: {integrity: sha512-iC+8Io04lddc+mVqQ9AZ7OQ2MrUKGN+oIQyq1vemgt46jwCwLfhq7/pwnBnNXXXZb8VTVLKwp9EDkx+ryxIWmg==}
    dev: false
